
Microsoft Visual Studio Solution File, Format Version 12.00
# Visual Studio Version 17
VisualStudioVersion = 17.14.36221.1 d17.14
MinimumVisualStudioVersion = 10.0.40219.1
Project("{FAE04EC0-301F-11D3-BF4B-00C04F79EFBC}") = "MulloJ_ExamenP3", "MulloJ_ExamenP3\MulloJ_ExamenP3.csproj", "{962F5DA5-0FEE-45E2-9EA0-CCB005BE30E1}"
EndProject
Global
	GlobalSection(SolutionConfigurationPlatforms) = preSolution
		Debug|Any CPU = Debug|Any CPU
		Release|Any CPU = Release|Any CPU
	EndGlobalSection
	GlobalSection(ProjectConfigurationPlatforms) = postSolution
		{962F5DA5-0FEE-45E2-9EA0-CCB005BE30E1}.Debug|Any CPU.ActiveCfg = Debug|Any CPU
		{962F5DA5-0FEE-45E2-9EA0-CCB005BE30E1}.Debug|Any CPU.Build.0 = Debug|Any CPU
		{962F5DA5-0FEE-45E2-9EA0-CCB005BE30E1}.Debug|Any CPU.Deploy.0 = Debug|Any CPU
		{962F5DA5-0FEE-45E2-9EA0-CCB005BE30E1}.Release|Any CPU.ActiveCfg = Release|Any CPU
		{962F5DA5-0FEE-45E2-9EA0-CCB005BE30E1}.Release|Any CPU.Build.0 = Release|Any CPU
		{962F5DA5-0FEE-45E2-9EA0-CCB005BE30E1}.Release|Any CPU.Deploy.0 = Release|Any CPU
	EndGlobalSection
	GlobalSection(SolutionProperties) = preSolution
		HideSolutionNode = FALSE
	EndGlobalSection
	GlobalSection(ExtensibilityGlobals) = postSolution
		SolutionGuid = {E1BEDE56-3A09-426F-A992-514507D97020}
	EndGlobalSection
EndGlobal
